
Microsoft Visual Studio Solution File, Format Version 12.00
# Visual Studio Version 17
VisualStudioVersion = 17.5.33627.172
MinimumVisualStudioVersion = 10.0.40219.1
Project("{9A19103F-16F7-4668-BE54-9A1E7A4F7556}") = "TablaDeMultiplicar", "TablaDeMultiplicar.csproj", "{A55C2345-1B7D-4F7C-AEF1-9439A5F7FC49}"
EndProject
Project("{9A19103F-16F7-4668-BE54-9A1E7A4F7556}") = "AplicadorDeTax", "..\AplicadorDeTax\AplicadorDeTax.csproj", "{6A5C15C8-B4C3-453E-B83B-FAD8B080E35A}"
EndProject
Project("{9A19103F-16F7-4668-BE54-9A1E7A4F7556}") = "CardinalAordinal", "..\CardinalAordinal\CardinalAordinal.csproj", "{C4686899-2A64-4795-B717-2E29717060F7}"
EndProject
Project("{9A19103F-16F7-4668-BE54-9A1E7A4F7556}") = "BotonContador", "..\BotonContador\BotonContador.csproj", "{C10326F9-35C3-4526-871A-1AC6F502D420}"
EndProject
Project("{FAE04EC0-301F-11D3-BF4B-00C04F79EFBC}") = "CRUD", "..\CRUD\CRUD.csproj", "{60C9E58B-AC2C-433C-9634-039208733194}"
EndProject
Global
	GlobalSection(SolutionConfigurationPlatforms) = preSolution
		Debug|Any CPU = Debug|Any CPU
		Release|Any CPU = Release|Any CPU
	EndGlobalSection
	GlobalSection(ProjectConfigurationPlatforms) = postSolution
		{A55C2345-1B7D-4F7C-AEF1-9439A5F7FC49}.Debug|Any CPU.ActiveCfg = Debug|Any CPU
		{A55C2345-1B7D-4F7C-AEF1-9439A5F7FC49}.Debug|Any CPU.Build.0 = Debug|Any CPU
		{A55C2345-1B7D-4F7C-AEF1-9439A5F7FC49}.Release|Any CPU.ActiveCfg = Release|Any CPU
		{A55C2345-1B7D-4F7C-AEF1-9439A5F7FC49}.Release|Any CPU.Build.0 = Release|Any CPU
		{6A5C15C8-B4C3-453E-B83B-FAD8B080E35A}.Debug|Any CPU.ActiveCfg = Debug|Any CPU
		{6A5C15C8-B4C3-453E-B83B-FAD8B080E35A}.Debug|Any CPU.Build.0 = Debug|Any CPU
		{6A5C15C8-B4C3-453E-B83B-FAD8B080E35A}.Release|Any CPU.ActiveCfg = Release|Any CPU
		{6A5C15C8-B4C3-453E-B83B-FAD8B080E35A}.Release|Any CPU.Build.0 = Release|Any CPU
		{C4686899-2A64-4795-B717-2E29717060F7}.Debug|Any CPU.ActiveCfg = Debug|Any CPU
		{C4686899-2A64-4795-B717-2E29717060F7}.Debug|Any CPU.Build.0 = Debug|Any CPU
		{C4686899-2A64-4795-B717-2E29717060F7}.Release|Any CPU.ActiveCfg = Release|Any CPU
		{C4686899-2A64-4795-B717-2E29717060F7}.Release|Any CPU.Build.0 = Release|Any CPU
		{C10326F9-35C3-4526-871A-1AC6F502D420}.Debug|Any CPU.ActiveCfg = Debug|Any CPU
		{C10326F9-35C3-4526-871A-1AC6F502D420}.Debug|Any CPU.Build.0 = Debug|Any CPU
		{C10326F9-35C3-4526-871A-1AC6F502D420}.Release|Any CPU.ActiveCfg = Release|Any CPU
		{C10326F9-35C3-4526-871A-1AC6F502D420}.Release|Any CPU.Build.0 = Release|Any CPU
		{60C9E58B-AC2C-433C-9634-039208733194}.Debug|Any CPU.ActiveCfg = Debug|Any CPU
		{60C9E58B-AC2C-433C-9634-039208733194}.Debug|Any CPU.Build.0 = Debug|Any CPU
		{60C9E58B-AC2C-433C-9634-039208733194}.Release|Any CPU.ActiveCfg = Release|Any CPU
		{60C9E58B-AC2C-433C-9634-039208733194}.Release|Any CPU.Build.0 = Release|Any CPU
	EndGlobalSection
	GlobalSection(SolutionProperties) = preSolution
		HideSolutionNode = FALSE
	EndGlobalSection
	GlobalSection(ExtensibilityGlobals) = postSolution
		SolutionGuid = {241D881D-5F49-45C5-BBEC-C5A2A908D19F}
	EndGlobalSection
EndGlobal
